{
  "name": "verthos-theme",
  "version": "1.0.0",
  "lockfileVersion": 1,
  "requires": true,
  "dependencies": {
    "sweetalert2": {
      "version": "8.2.4",
      "resolved": "https://registry.npmjs.org/sweetalert2/-/sweetalert2-8.2.4.tgz",
      "integrity": "sha512-r0Eu4tfloXr6W7RslNOM0kfBeE6Tzs6sYjaKHDoD1pWxLkuxZ5t54GWcQClvkGWa+yqgJri3SXlMWob1mZZBaA=="
    }
  }
}
